// !$*UTF8*$!
{
	archiveVersion = 1;
	classes = {
	};
	objectVersion = 48;
	objects = {

/* Begin PBXBuildFile section */
		34AE89361EF4E356004EC759 /* AppDelegate.swift in Sources */ = {isa = PBXBuildFile; fileRef = 34AE89351EF4E356004EC759 /* AppDelegate.swift */; };
		34AE89381EF4E356004EC759 /* art.scnassets in Resources */ = {isa = PBXBuildFile; fileRef = 34AE89371EF4E356004EC759 /* art.scnassets */; };
		34AE893A1EF4E356004EC759 /* ViewController.swift in Sources */ = {isa = PBXBuildFile; fileRef = 34AE89391EF4E356004EC759 /* ViewController.swift */; };
		34AE893D1EF4E356004EC759 /* Main.storyboard in Resources */ = {isa = PBXBuildFile; fileRef = 34AE893B1EF4E356004EC759 /* Main.storyboard */; };
		34AE893F1EF4E356004EC759 /* Assets.xcassets in Resources */ = {isa = PBXBuildFile; fileRef = 34AE893E1EF4E356004EC759 /* Assets.xcassets */; };
		34AE89421EF4E356004EC759 /* LaunchScreen.storyboard in Resources */ = {isa = PBXBuildFile; fileRef = 34AE89401EF4E356004EC759 /* LaunchScreen.storyboard */; };
/* End PBXBuildFile section */

/* Begin PBXFileReference section */
		34AE89321EF4E356004EC759 /* ARKitExamples.app */ = {isa = PBXFileReference; explicitFileType = wrapper.application; includeInIndex = 0; path = ARKitExamples.app; sourceTree = BUILT_PRODUCTS_DIR; };
		34AE89351EF4E356004EC759 /* AppDelegate.swift */ = {isa = PBXFileReference; lastKnownFileType = sourcecode.swift; path = AppDelegate.swift; sourceTree = "<group>"; };
		34AE89371EF4E356004EC759 /* art.scnassets */ = {isa = PBXFileReference; lastKnownFileType = wrapper.scnassets; path = art.scnassets; sourceTree = "<group>"; };
		34AE89391EF4E356004EC759 /* ViewController.swift */ = {isa = PBXFileReference; lastKnownFileType = sourcecode.swift; path = ViewController.swift; sourceTree = "<group>"; };
		34AE893C1EF4E356004EC759 /* Base */ = {isa = PBXFileReference; lastKnownFileType = file.storyboard; name = Base; path = Base.lproj/Main.storyboard; sourceTree = "<group>"; };
		34AE893E1EF4E356004EC759 /* Assets.xcassets */ = {isa = PBXFileReference; lastKnownFileType = folder.assetcatalog; path = Assets.xcassets; sourceTree = "<group>"; };
		34AE89411EF4E356004EC759 /* Base */ = {isa = PBXFileReference; lastKnownFileType = file.storyboard; name = Base; path = Base.lproj/LaunchScreen.storyboard; sourceTree = "<group>"; };
		34AE89431EF4E356004EC759 /* Info.plist */ = {isa = PBXFileReference; lastKnownFileType = text.plist.xml; path = Info.plist; sourceTree = "<group>"; };
/* End PBXFileReference section */

/* Begin PBXFrameworksBuildPhase section */
		34AE892F1EF4E356004EC759 /* Frameworks */ = {
			isa = PBXFrameworksBuildPhase;
			buildActionMask = 2147483647;
			files = (
			);
			runOnlyForDeploymentPostprocessing = 0;
		};
/* End PBXFrameworksBuildPhase section */

/* Begin PBXGroup section */
		34AE89291EF4E356004EC759 = {
			isa = PBXGroup;
			children = (
				34AE89341EF4E356004EC759 /* ARKitExamples */,
				34AE89331EF4E356004EC759 /* Products */,
			);
			sourceTree = "<group>";
		};
		34AE89331EF4E356004EC759 /* Products */ = {
			isa = PBXGroup;
			children = (
				34AE89321EF4E356004EC759 /* ARKitExamples.app */,
			);
			name = Products;
			sourceTree = "<group>";
		};
		34AE89341EF4E356004EC759 /* ARKitExamples */ = {
			isa = PBXGroup;
			children = (
				34AE89351EF4E356004EC759 /* AppDelegate.swift */,
				34AE89371EF4E356004EC759 /* art.scnassets */,
				34AE89391EF4E356004EC759 /* ViewController.swift */,
				34AE893B1EF4E356004EC759 /* Main.storyboard */,
				34AE893E1EF4E356004EC759 /* Assets.xcassets */,
				34AE89401EF4E356004EC759 /* LaunchScreen.storyboard */,
				34AE89431EF4E356004EC759 /* Info.plist */,
			);
			path = ARKitExamples;
			sourceTree = "<group>";
		};
/* End PBXGroup section */

/* Begin PBXNativeTarget section */
		34AE89311EF4E356004EC759 /* ARKitExamples */ = {
			isa = PBXNativeTarget;
			buildConfigurationList = 34AE89461EF4E356004EC759 /* Build configuration list for PBXNativeTarget "ARKitExamples" */;
			buildPhases = (
				34AE892E1EF4E356004EC759 /* Sources */,
				34AE892F1EF4E356004EC759 /* Frameworks */,
				34AE89301EF4E356004EC759 /* Resources */,
			);
			buildRules = (
			);
			dependencies = (
			);
			name = ARKitExamples;
			productName = ARKitExamples;
			productReference = 34AE89321EF4E356004EC759 /* ARKitExamples.app */;
			productType = "com.apple.product-type.application";
		};
/* End PBXNativeTarget section */

/* Begin PBXProject section */
		34AE892A1EF4E356004EC759 /* Project object */ = {
			isa = PBXProject;
			attributes = {
				LastSwiftUpdateCheck = 0900;
				LastUpgradeCheck = 0900;
				ORGANIZATIONNAME = "Mohammad Azam";
				TargetAttributes = {
					34AE89311EF4E356004EC759 = {
						CreatedOnToolsVersion = 9.0;
					};
				};
			};
			buildConfigurationList = 34AE892D1EF4E356004EC759 /* Build configuration list for PBXProject "ARKitExamples" */;
			compatibilityVersion = "Xcode 8.0";
			developmentRegion = en;
			hasScannedForEncodings = 0;
			knownRegions = (
				en,
				Base,
			);
			mainGroup = 34AE89291EF4E356004EC759;
			productRefGroup = 34AE89331EF4E356004EC759 /* Products */;
			projectDirPath = "";
			projectRoot = "";
			targets = (
				34AE89311EF4E356004EC759 /* ARKitExamples */,
			);
		};
/* End PBXProject section */

/* Begin PBXResourcesBuildPhase section */
		34AE89301EF4E356004EC759 /* Resources */ = {
			isa = PBXResourcesBuildPhase;
			buildActionMask = 2147483647;
			files = (
				34AE89381EF4E356004EC759 /* art.scnassets in Resources */,
				34AE89421EF4E356004EC759 /* LaunchScreen.storyboard in Resources */,
				34AE893F1EF4E356004EC759 /* Assets.xcassets in Resources */,
				34AE893D1EF4E356004EC759 /* Main.storyboard in Resources */,
			);
			runOnlyForDeploymentPostprocessing = 0;
		};
/* End PBXResourcesBuildPhase section */

/* Begin PBXSourcesBuildPhase section */
		34AE892E1EF4E356004EC759 /* Sources */ = {
			isa = PBXSourcesBuildPhase;
			buildActionMask = 2147483647;
			files = (
				34AE893A1EF4E356004EC759 /* ViewController.swift in Sources */,
				34AE89361EF4E356004EC759 /* AppDelegate.swift in Sources */,
			);
			runOnlyForDeploymentPostprocessing = 0;
		};
/* End PBXSourcesBuildPhase section */

/* Begin PBXVariantGroup section */
		34AE893B1EF4E356004EC759 /* Main.storyboard */ = {
			isa = PBXVariantGroup;
			children = (
				34AE893C1EF4E356004EC759 /* Base */,
			);
			name = Main.storyboard;
			sourceTree = "<group>";
		};
		34AE89401EF4E356004EC759 /* LaunchScreen.storyboard */ = {
			isa = PBXVariantGroup;
			children = (
				34AE89411EF4E356004EC759 /* Base */,
			);
			name = LaunchScreen.storyboard;
			sourceTree = "<group>";
		};
/* End PBXVariantGroup section */

/* Begin XCBuildConfiguration section */
		34AE89441EF4E356004EC759 /* Debug */ = {
			isa = XCBuildConfiguration;
			buildSettings = {
				ALWAYS_SEARCH_USER_PATHS = NO;
				CLANG_ANALYZER_NONNULL = YES;
				CLANG_ANALYZER_NUMBER_OBJECT_CONVERSION = YES_AGGRESSIVE;
				CLANG_CXX_LANGUAGE_STANDARD = "gnu++14";
				CLANG_CXX_LIBRARY = "libc++";
				CLANG_ENABLE_MODULES = YES;
				CLANG_ENABLE_OBJC_ARC = YES;
				CLANG_WARN_BLOCK_CAPTURE_AUTORELEASING = YES;
				CLANG_WARN_BOOL_CONVERSION = YES;
				CLANG_WARN_COMMA = YES;
				CLANG_WARN_CONSTANT_CONVERSION = YES;
				CLANG_WARN_DIRECT_OBJC_ISA_USAGE = YES_ERROR;
				CLANG_WARN_DOCUMENTATION_COMMENTS = YES;
				CLANG_WARN_EMPTY_BODY = YES;
				CLANG_WARN_ENUM_CONVERSION = YES;
				CLANG_WARN_INFINITE_RECURSION = YES;
				CLANG_WARN_INT_CONVERSION = YES;
				CLANG_WARN_OBJC_ROOT_CLASS = YES_ERROR;
				CLANG_WARN_RANGE_LOOP_ANALYSIS = YES;
				CLANG_WARN_STRICT_PROTOTYPES = YES;
				CLANG_WARN_SUSPICIOUS_MOVE = YES;
				CLANG_WARN_UNGUARDED_AVAILABILITY = YES_AGGRESSIVE;
				CLANG_WARN_UNREACHABLE_CODE = YES;
				CLANG_WARN__DUPLICATE_METHOD_MATCH = YES;
				CODE_SIGN_IDENTITY = "iPhone Developer";
				COPY_PHASE_STRIP = NO;
				DEBUG_INFORMATION_FORMAT = dwarf;
				ENABLE_STRICT_OBJC_MSGSEND = YES;
				ENABLE_TESTABILITY = YES;
				GCC_C_LANGUAGE_STANDARD = gnu11;
				GCC_DYNAMIC_NO_PIC = NO;
				GCC_NO_COMMON_BLOCKS = YES;
				GCC_OPTIMIZATION_LEVEL = 0;
				GCC_PREPROCESSOR_DEFINITIONS = (
					"DEBUG=1",
					"$(inherited)",
				);
				GCC_WARN_64_TO_32_BIT_CONVERSION = YES;
				GCC_WARN_ABOUT_RETURN_TYPE = YES_ERROR;
				GCC_WARN_UNDECLARED_SELECTOR = YES;
				GCC_WARN_UNINITIALIZED_AUTOS = YES_AGGRESSIVE;
				GCC_WARN_UNUSED_FUNCTION = YES;
				GCC_WARN_UNUSED_VARIABLE = YES;
				IPHONEOS_DEPLOYMENT_TARGET = 11.0;
				MTL_ENABLE_DEBUG_INFO = YES;
				ONLY_ACTIVE_ARCH = YES;
				SDKROOT = iphoneos;
				SWIFT_ACTIVE_COMPILATION_CONDITIONS = DEBUG;
				SWIFT_OPTIMIZATION_LEVEL = "-Onone";
			};
			name = Debug;
		};
		34AE89451EF4E356004EC759 /* Release */ = {
			isa = XCBuildConfiguration;
			buildSettings = {
				ALWAYS_SEARCH_USER_PATHS = NO;
				CLANG_ANALYZER_NONNULL = YES;
				CLANG_ANALYZER_NUMBER_OBJECT_CONVERSION = YES_AGGRESSIVE;
				CLANG_CXX_LANGUAGE_STANDARD = "gnu++14";
				CLANG_CXX_LIBRARY = "libc++";
				CLANG_ENABLE_MODULES = YES;
				CLANG_ENABLE_OBJC_ARC = YES;
				CLANG_WARN_BLOCK_CAPTURE_AUTORELEASING = YES;
				CLANG_WARN_BOOL_CONVERSION = YES;
				CLANG_WARN_COMMA = YES;
				CLANG_WARN_CONSTANT_CONVERSION = YES;
				CLANG_WARN_DIRECT_OBJC_ISA_USAGE = YES_ERROR;
				CLANG_WARN_DOCUMENTATION_COMMENTS = YES;
				CLANG_WARN_EMPTY_BODY = YES;
				CLANG_WARN_ENUM_CONVERSION = YES;
				CLANG_WARN_INFINITE_RECURSION = YES;
				CLANG_WARN_INT_CONVERSION = YES;
				CLANG_WARN_OBJC_ROOT_CLASS = YES_ERROR;
				CLANG_WARN_RANGE_LOOP_ANALYSIS = YES;
				CLANG_WARN_STRICT_PROTOTYPES = YES;
				CLANG_WARN_SUSPICIOUS_MOVE = YES;
				CLANG_WARN_UNGUARDED_AVAILABILITY = YES_AGGRESSIVE;
				CLANG_WARN_UNREACHABLE_CODE = YES;
				CLANG_WARN__DUPLICATE_METHOD_MATCH = YES;
				CODE_SIGN_IDENTITY = "iPhone Developer";
				COPY_PHASE_STRIP = NO;
				DEBUG_INFORMATION_FORMAT = "dwarf-with-dsym";
				ENABLE_NS_ASSERTIONS = NO;
				ENABLE_STRICT_OBJC_MSGSEND = YES;
				GCC_C_LANGUAGE_STANDARD = gnu11;
				GCC_NO_COMMON_BLOCKS = YES;
				GCC_WARN_64_TO_32_BIT_CONVERSION = YES;
				GCC_WARN_ABOUT_RETURN_TYPE = YES_ERROR;
				GCC_WARN_UNDECLARED_SELECTOR = YES;
				GCC_WARN_UNINITIALIZED_AUTOS = YES_AGGRESSIVE;
				GCC_WARN_UNUSED_FUNCTION = YES;
				GCC_WARN_UNUSED_VARIABLE = YES;
				IPHONEOS_DEPLOYMENT_TARGET = 11.0;
				MTL_ENABLE_DEBUG_INFO = NO;
				SDKROOT = iphoneos;
				SWIFT_OPTIMIZATION_LEVEL = "-Owholemodule";
				VALIDATE_PRODUCT = YES;
			};
			name = Release;
		};
		34AE89471EF4E356004EC759 /* Debug */ = {
			isa = XCBuildConfiguration;
			buildSettings = {
				ASSETCATALOG_COMPILER_APPICON_NAME = AppIcon;
				INFOPLIST_FILE = ARKitExamples/Info.plist;
				LD_RUNPATH_SEARCH_PATHS = "$(inherited) @executable_path/Frameworks";
				PRODUCT_BUNDLE_IDENTIFIER = com.azamsharp.ARKitExamples;
				PRODUCT_NAME = "$(TARGET_NAME)";
				SWIFT_VERSION = 4.0;
				TARGETED_DEVICE_FAMILY = "1,2";
			};
			name = Debug;
		};
		34AE89481EF4E356004EC759 /* Release */ = {
			isa = XCBuildConfiguration;
			buildSettings = {
				ASSETCATALOG_COMPILER_APPICON_NAME = AppIcon;
				INFOPLIST_FILE = ARKitExamples/Info.plist;
				LD_RUNPATH_SEARCH_PATHS = "$(inherited) @executable_path/Frameworks";
				PRODUCT_BUNDLE_IDENTIFIER = com.azamsharp.ARKitExamples;
				PRODUCT_NAME = "$(TARGET_NAME)";
				SWIFT_VERSION = 4.0;
				TARGETED_DEVICE_FAMILY = "1,2";
			};
			name = Release;
		};
/* End XCBuildConfiguration section */

/* Begin XCConfigurationList section */
		34AE892D1EF4E356004EC759 /* Build configuration list for PBXProject "ARKitExamples" */ = {
			isa = XCConfigurationList;
			buildConfigurations = (
				34AE89441EF4E356004EC759 /* Debug */,
				34AE89451EF4E356004EC759 /* Release */,
			);
			defaultConfigurationIsVisible = 0;
			defaultConfigurationName = Release;
		};
		34AE89461EF4E356004EC759 /* Build configuration list for PBXNativeTarget "ARKitExamples" */ = {
			isa = XCConfigurationList;
			buildConfigurations = (
				34AE89471EF4E356004EC759 /* Debug */,
				34AE89481EF4E356004EC759 /* Release */,
			);
			defaultConfigurationIsVisible = 0;
		};
/* End XCConfigurationList section */
	};
	rootObject = 34AE892A1EF4E356004EC759 /* Project object */;
}
